
Microsoft Visual Studio Solution File, Format Version 12.00
# Visual Studio Version 17
VisualStudioVersion = 17.3.32929.385
MinimumVisualStudioVersion = 10.0.40219.1
Project("{FAE04EC0-301F-11D3-BF4B-00C04F79EFBC}") = "TWANCOSMETICS", "TWANCOSMETICS\TWANCOSMETICS.csproj", "{EC2B109A-A6E8-48C9-B3ED-9F71E95397D1}"
EndProject
Global
	GlobalSection(SolutionConfigurationPlatforms) = preSolution
		Debug|Any CPU = Debug|Any CPU
		Release|Any CPU = Release|Any CPU
	EndGlobalSection
	GlobalSection(ProjectConfigurationPlatforms) = postSolution
		{EC2B109A-A6E8-48C9-B3ED-9F71E95397D1}.Debug|Any CPU.ActiveCfg = Debug|Any CPU
		{EC2B109A-A6E8-48C9-B3ED-9F71E95397D1}.Debug|Any CPU.Build.0 = Debug|Any CPU
		{EC2B109A-A6E8-48C9-B3ED-9F71E95397D1}.Release|Any CPU.ActiveCfg = Release|Any CPU
		{EC2B109A-A6E8-48C9-B3ED-9F71E95397D1}.Release|Any CPU.Build.0 = Release|Any CPU
	EndGlobalSection
	GlobalSection(SolutionProperties) = preSolution
		HideSolutionNode = FALSE
	EndGlobalSection
	GlobalSection(ExtensibilityGlobals) = postSolution
		SolutionGuid = {0A263AD0-143F-4829-9C33-B6B5F24A3A61}
	EndGlobalSection
EndGlobal
