
Microsoft Visual Studio Solution File, Format Version 12.00
# Visual Studio Version 17
VisualStudioVersion = 17.3.32929.385
MinimumVisualStudioVersion = 10.0.40219.1
Project("{FAE04EC0-301F-11D3-BF4B-00C04F79EFBC}") = "TWANCOSMETICS", "TWANCOSMETICS\TWANCOSMETICS.csproj", "{218C51BE-B880-49B5-9CF7-D7BB820A164C}"
EndProject
Global
	GlobalSection(SolutionConfigurationPlatforms) = preSolution
		Debug|Any CPU = Debug|Any CPU
		Release|Any CPU = Release|Any CPU
	EndGlobalSection
	GlobalSection(ProjectConfigurationPlatforms) = postSolution
		{218C51BE-B880-49B5-9CF7-D7BB820A164C}.Debug|Any CPU.ActiveCfg = Debug|Any CPU
		{218C51BE-B880-49B5-9CF7-D7BB820A164C}.Debug|Any CPU.Build.0 = Debug|Any CPU
		{218C51BE-B880-49B5-9CF7-D7BB820A164C}.Release|Any CPU.ActiveCfg = Release|Any CPU
		{218C51BE-B880-49B5-9CF7-D7BB820A164C}.Release|Any CPU.Build.0 = Release|Any CPU
	EndGlobalSection
	GlobalSection(SolutionProperties) = preSolution
		HideSolutionNode = FALSE
	EndGlobalSection
	GlobalSection(ExtensibilityGlobals) = postSolution
		SolutionGuid = {094377C2-D0B6-44CA-BDC3-5F351BDF0027}
	EndGlobalSection
EndGlobal
